
Microsoft Visual Studio Solution File, Format Version 12.00
# Visual Studio 15
VisualStudioVersion = 15.0.28307.168
MinimumVisualStudioVersion = 10.0.40219.1
Project("{FAE04EC0-301F-11D3-BF4B-00C04F79EFBC}") = "APICourse", "APICourse\APICourse.csproj", "{C96A14DE-B2B2-483C-8ABF-6AA9D53B3DA1}"
EndProject
Global
	GlobalSection(SolutionConfigurationPlatforms) = preSolution
		Debug|Any CPU = Debug|Any CPU
		Release|Any CPU = Release|Any CPU
	EndGlobalSection
	GlobalSection(ProjectConfigurationPlatforms) = postSolution
		{C96A14DE-B2B2-483C-8ABF-6AA9D53B3DA1}.Debug|Any CPU.ActiveCfg = Debug|Any CPU
		{C96A14DE-B2B2-483C-8ABF-6AA9D53B3DA1}.Debug|Any CPU.Build.0 = Debug|Any CPU
		{C96A14DE-B2B2-483C-8ABF-6AA9D53B3DA1}.Release|Any CPU.ActiveCfg = Release|Any CPU
		{C96A14DE-B2B2-483C-8ABF-6AA9D53B3DA1}.Release|Any CPU.Build.0 = Release|Any CPU
	EndGlobalSection
	GlobalSection(SolutionProperties) = preSolution
		HideSolutionNode = FALSE
	EndGlobalSection
	GlobalSection(ExtensibilityGlobals) = postSolution
		SolutionGuid = {107FF433-87E0-4282-A8DB-151B46169EA3}
	EndGlobalSection
EndGlobal
